
Microsoft Visual Studio Solution File, Format Version 12.00
# Visual Studio Version 16
VisualStudioVersion = 16.0.30204.135
MinimumVisualStudioVersion = 10.0.40219.1
Project("{9A19103F-16F7-4668-BE54-9A1E7A4F7556}") = "tugaslab9", "..\..\..\Downloads\CRUD_OPP_2685-master\CRUD_OPP_2685-master\CRUD_OPP_2685\tugaslab9.csproj", "{F57C56A9-6C4E-4748-A259-7FF5EE59BD85}"
EndProject
Global
	GlobalSection(SolutionConfigurationPlatforms) = preSolution
		Debug|Any CPU = Debug|Any CPU
		Release|Any CPU = Release|Any CPU
	EndGlobalSection
	GlobalSection(ProjectConfigurationPlatforms) = postSolution
		{F57C56A9-6C4E-4748-A259-7FF5EE59BD85}.Debug|Any CPU.ActiveCfg = Debug|Any CPU
		{F57C56A9-6C4E-4748-A259-7FF5EE59BD85}.Debug|Any CPU.Build.0 = Debug|Any CPU
		{F57C56A9-6C4E-4748-A259-7FF5EE59BD85}.Release|Any CPU.ActiveCfg = Release|Any CPU
		{F57C56A9-6C4E-4748-A259-7FF5EE59BD85}.Release|Any CPU.Build.0 = Release|Any CPU
	EndGlobalSection
	GlobalSection(SolutionProperties) = preSolution
		HideSolutionNode = FALSE
	EndGlobalSection
	GlobalSection(ExtensibilityGlobals) = postSolution
		SolutionGuid = {FF651413-3F4A-4CAA-AB4E-1514240E29AC}
	EndGlobalSection
EndGlobal
